
Microsoft Visual Studio Solution File, Format Version 12.00
# Visual Studio Version 16
VisualStudioVersion = 25.0.1700.6
MinimumVisualStudioVersion = 10.0.40219.1
Project("{FAE04EC0-301F-11D3-BF4B-00C04F79EFBC}") = "ex3", "ex3\ex3.csproj", "{24AE3BF5-3BD0-466B-96B7-2A3A177E7D91}"
EndProject
Global
	GlobalSection(SolutionConfigurationPlatforms) = preSolution
		Debug|Any CPU = Debug|Any CPU
		Release|Any CPU = Release|Any CPU
	EndGlobalSection
	GlobalSection(ProjectConfigurationPlatforms) = postSolution
		{24AE3BF5-3BD0-466B-96B7-2A3A177E7D91}.Debug|Any CPU.ActiveCfg = Debug|Any CPU
		{24AE3BF5-3BD0-466B-96B7-2A3A177E7D91}.Debug|Any CPU.Build.0 = Debug|Any CPU
		{24AE3BF5-3BD0-466B-96B7-2A3A177E7D91}.Release|Any CPU.ActiveCfg = Release|Any CPU
		{24AE3BF5-3BD0-466B-96B7-2A3A177E7D91}.Release|Any CPU.Build.0 = Release|Any CPU
	EndGlobalSection
	GlobalSection(SolutionProperties) = preSolution
		HideSolutionNode = FALSE
	EndGlobalSection
	GlobalSection(ExtensibilityGlobals) = postSolution
		SolutionGuid = {DC703BA7-168F-4836-8F73-435D389EF2E1}
	EndGlobalSection
EndGlobal
